// !$*UTF8*$!
{
	archiveVersion = 1;
	classes = {
	};
	objectVersion = 51;
	objects = {

/* Begin PBXBuildFile section */
		2B4D25B639C26C3BB130A55B /* Pods_CS4440.framework in Frameworks */ = {isa = PBXBuildFile; fileRef = 6EB0684B51D94C3B76D1609B /* Pods_CS4440.framework */; };
		93C993CE245162DE002510E5 /* historyViewController.swift in Sources */ = {isa = PBXBuildFile; fileRef = 93C993CD245162DE002510E5 /* historyViewController.swift */; };
		93C993D22451709A002510E5 /* sentTableViewCell.swift in Sources */ = {isa = PBXBuildFile; fileRef = 93C993D12451709A002510E5 /* sentTableViewCell.swift */; };
		B944060A245140FB00970ECC /* Sentiment.swift in Sources */ = {isa = PBXBuildFile; fileRef = B9440609245140FB00970ECC /* Sentiment.swift */; };
		F468CE402451DB1F0010B708 /* historyDetailsViewController.swift in Sources */ = {isa = PBXBuildFile; fileRef = F468CE3F2451DB1F0010B708 /* historyDetailsViewController.swift */; };
		F47C7A3D244E267A0074D635 /* SwiftyJSON.framework in Frameworks */ = {isa = PBXBuildFile; fileRef = F47C7A3C244E267A0074D635 /* SwiftyJSON.framework */; settings = {ATTRIBUTES = (Weak, ); }; };
		F49009072450AF7D00E4A958 /* RealmSwift.framework in Frameworks */ = {isa = PBXBuildFile; fileRef = F49009002450AEA200E4A958 /* RealmSwift.framework */; };
		F4EE3E3B243D4744006A5F91 /* AppDelegate.swift in Sources */ = {isa = PBXBuildFile; fileRef = F4EE3E3A243D4744006A5F91 /* AppDelegate.swift */; };
		F4EE3E41243D4746006A5F91 /* Assets.xcassets in Resources */ = {isa = PBXBuildFile; fileRef = F4EE3E40243D4746006A5F91 /* Assets.xcassets */; };
		F4EE3E44243D4746006A5F91 /* Preview Assets.xcassets in Resources */ = {isa = PBXBuildFile; fileRef = F4EE3E43243D4746006A5F91 /* Preview Assets.xcassets */; };
		F4EE3E47243D4746006A5F91 /* LaunchScreen.storyboard in Resources */ = {isa = PBXBuildFile; fileRef = F4EE3E45243D4746006A5F91 /* LaunchScreen.storyboard */; };
		F4EE3E4F243D47BF006A5F91 /* ViewController.swift in Sources */ = {isa = PBXBuildFile; fileRef = F4EE3E4E243D47BF006A5F91 /* ViewController.swift */; };
		F4EE3E51243D4801006A5F91 /* Main.storyboard in Resources */ = {isa = PBXBuildFile; fileRef = F4EE3E50243D4801006A5F91 /* Main.storyboard */; };
		F4EE3E55244D4A5C006A5F91 /* TwitterSentimentClassifer.mlmodel in Sources */ = {isa = PBXBuildFile; fileRef = F4EE3E54244D4A5C006A5F91 /* TwitterSentimentClassifer.mlmodel */; };
		F4EE3E69244DEA16006A5F91 /* SwifteriOS.framework in Frameworks */ = {isa = PBXBuildFile; fileRef = F4EE3E5F244DE931006A5F91 /* SwifteriOS.framework */; };
/* End PBXBuildFile section */

/* Begin PBXContainerItemProxy section */
		F4EE3E5E244DE931006A5F91 /* PBXContainerItemProxy */ = {
			isa = PBXContainerItemProxy;
			containerPortal = F4EE3E56244DE931006A5F91 /* Swifter.xcodeproj */;
			proxyType = 2;
			remoteGlobalIDString = 8B9F50EE1944A5AB00894629;
			remoteInfo = SwifteriOS;
		};
		F4EE3E60244DE931006A5F91 /* PBXContainerItemProxy */ = {
			isa = PBXContainerItemProxy;
			containerPortal = F4EE3E56244DE931006A5F91 /* Swifter.xcodeproj */;
			proxyType = 2;
			remoteGlobalIDString = 8B9F51131944A61D00894629;
			remoteInfo = SwifterMac;
		};
		F4EE3E62244DE931006A5F91 /* PBXContainerItemProxy */ = {
			isa = PBXContainerItemProxy;
			containerPortal = F4EE3E56244DE931006A5F91 /* Swifter.xcodeproj */;
			proxyType = 2;
			remoteGlobalIDString = 8B300C1F1944AA1A00993175;
			remoteInfo = SwifterDemoiOS;
		};
		F4EE3E64244DE931006A5F91 /* PBXContainerItemProxy */ = {
			isa = PBXContainerItemProxy;
			containerPortal = F4EE3E56244DE931006A5F91 /* Swifter.xcodeproj */;
			proxyType = 2;
			remoteGlobalIDString = 8B300C471944AECB00993175;
			remoteInfo = SwifterDemoMac;
		};
		F4EE3E66244DE931006A5F91 /* PBXContainerItemProxy */ = {
			isa = PBXContainerItemProxy;
			containerPortal = F4EE3E56244DE931006A5F91 /* Swifter.xcodeproj */;
			proxyType = 2;
			remoteGlobalIDString = F6B4D5751C7BAC4500E06514;
			remoteInfo = SwifterTests;
		};
/* End PBXContainerItemProxy section */

/* Begin PBXFileReference section */
		25D17432DD2AD97B0E3C767C /* Pods-CS4440.release.xcconfig */ = {isa = PBXFileReference; includeInIndex = 1; lastKnownFileType = text.xcconfig; name = "Pods-CS4440.release.xcconfig"; path = "Target Support Files/Pods-CS4440/Pods-CS4440.release.xcconfig"; sourceTree = "<group>"; };
		4038F8C922121F7A65811281 /* Pods-CS4440.debug.xcconfig */ = {isa = PBXFileReference; includeInIndex = 1; lastKnownFileType = text.xcconfig; name = "Pods-CS4440.debug.xcconfig"; path = "Target Support Files/Pods-CS4440/Pods-CS4440.debug.xcconfig"; sourceTree = "<group>"; };
		6EB0684B51D94C3B76D1609B /* Pods_CS4440.framework */ = {isa = PBXFileReference; explicitFileType = wrapper.framework; includeInIndex = 0; path = Pods_CS4440.framework; sourceTree = BUILT_PRODUCTS_DIR; };
		93C993CD245162DE002510E5 /* historyViewController.swift */ = {isa = PBXFileReference; lastKnownFileType = sourcecode.swift; path = historyViewController.swift; sourceTree = "<group>"; };
		93C993D12451709A002510E5 /* sentTableViewCell.swift */ = {isa = PBXFileReference; lastKnownFileType = sourcecode.swift; path = sentTableViewCell.swift; sourceTree = "<group>"; };
		B9440609245140FB00970ECC /* Sentiment.swift */ = {isa = PBXFileReference; lastKnownFileType = sourcecode.swift; path = Sentiment.swift; sourceTree = "<group>"; };
		F468CE3F2451DB1F0010B708 /* historyDetailsViewController.swift */ = {isa = PBXFileReference; lastKnownFileType = sourcecode.swift; path = historyDetailsViewController.swift; sourceTree = "<group>"; };
		F47C7A3C244E267A0074D635 /* SwiftyJSON.framework */ = {isa = PBXFileReference; explicitFileType = wrapper.framework; path = SwiftyJSON.framework; sourceTree = BUILT_PRODUCTS_DIR; };
		F49009002450AEA200E4A958 /* RealmSwift.framework */ = {isa = PBXFileReference; explicitFileType = wrapper.framework; path = RealmSwift.framework; sourceTree = BUILT_PRODUCTS_DIR; };
		F4EE3E37243D4744006A5F91 /* CS4440.app */ = {isa = PBXFileReference; explicitFileType = wrapper.application; includeInIndex = 0; path = CS4440.app; sourceTree = BUILT_PRODUCTS_DIR; };
		F4EE3E3A243D4744006A5F91 /* AppDelegate.swift */ = {isa = PBXFileReference; lastKnownFileType = sourcecode.swift; path = AppDelegate.swift; sourceTree = "<group>"; };
		F4EE3E40243D4746006A5F91 /* Assets.xcassets */ = {isa = PBXFileReference; lastKnownFileType = folder.assetcatalog; path = Assets.xcassets; sourceTree = "<group>"; };
		F4EE3E43243D4746006A5F91 /* Preview Assets.xcassets */ = {isa = PBXFileReference; lastKnownFileType = folder.assetcatalog; path = "Preview Assets.xcassets"; sourceTree = "<group>"; };
		F4EE3E46243D4746006A5F91 /* Base */ = {isa = PBXFileReference; lastKnownFileType = file.storyboard; name = Base; path = Base.lproj/LaunchScreen.storyboard; sourceTree = "<group>"; };
		F4EE3E48243D4746006A5F91 /* Info.plist */ = {isa = PBXFileReference; lastKnownFileType = text.plist.xml; path = Info.plist; sourceTree = "<group>"; };
		F4EE3E4E243D47BF006A5F91 /* ViewController.swift */ = {isa = PBXFileReference; lastKnownFileType = sourcecode.swift; path = ViewController.swift; sourceTree = "<group>"; };
		F4EE3E50243D4801006A5F91 /* Main.storyboard */ = {isa = PBXFileReference; lastKnownFileType = file.storyboard; path = Main.storyboard; sourceTree = "<group>"; };
		F4EE3E54244D4A5C006A5F91 /* TwitterSentimentClassifer.mlmodel */ = {isa = PBXFileReference; lastKnownFileType = file.mlmodel; path = TwitterSentimentClassifer.mlmodel; sourceTree = SOURCE_ROOT; };
		F4EE3E56244DE931006A5F91 /* Swifter.xcodeproj */ = {isa = PBXFileReference; lastKnownFileType = "wrapper.pb-project"; name = Swifter.xcodeproj; path = Swifter/Swifter.xcodeproj; sourceTree = "<group>"; };
/* End PBXFileReference section */

/* Begin PBXFrameworksBuildPhase section */
		F4EE3E34243D4744006A5F91 /* Frameworks */ = {
			isa = PBXFrameworksBuildPhase;
			buildActionMask = 2147483647;
			files = (
				F47C7A3D244E267A0074D635 /* SwiftyJSON.framework in Frameworks */,
				F4EE3E69244DEA16006A5F91 /* SwifteriOS.framework in Frameworks */,
				F49009072450AF7D00E4A958 /* RealmSwift.framework in Frameworks */,
				2B4D25B639C26C3BB130A55B /* Pods_CS4440.framework in Frameworks */,
			);
			runOnlyForDeploymentPostprocessing = 0;
		};
/* End PBXFrameworksBuildPhase section */

/* Begin PBXGroup section */
		93C993CF2451632E002510E5 /* View */ = {
			isa = PBXGroup;
			children = (
				F4EE3E50243D4801006A5F91 /* Main.storyboard */,
			);
			path = View;
			sourceTree = "<group>";
		};
		93C993D02451633B002510E5 /* Controller */ = {
			isa = PBXGroup;
			children = (
				F4EE3E4E243D47BF006A5F91 /* ViewController.swift */,
				93C993CD245162DE002510E5 /* historyViewController.swift */,
				F468CE3F2451DB1F0010B708 /* historyDetailsViewController.swift */,
			);
			path = Controller;
			sourceTree = "<group>";
		};
		B944060B245140FF00970ECC /* Model */ = {
			isa = PBXGroup;
			children = (
				93C993D12451709A002510E5 /* sentTableViewCell.swift */,
				B9440609245140FB00970ECC /* Sentiment.swift */,
			);
			path = Model;
			sourceTree = "<group>";
		};
		BFBEA08793CDDD2AAF621CD1 /* Pods */ = {
			isa = PBXGroup;
			children = (
				4038F8C922121F7A65811281 /* Pods-CS4440.debug.xcconfig */,
				25D17432DD2AD97B0E3C767C /* Pods-CS4440.release.xcconfig */,
			);
			path = Pods;
			sourceTree = "<group>";
		};
		F4EE3E2E243D4744006A5F91 = {
			isa = PBXGroup;
			children = (
				F4EE3E56244DE931006A5F91 /* Swifter.xcodeproj */,
				F4EE3E39243D4744006A5F91 /* CS4440 */,
				F4EE3E38243D4744006A5F91 /* Products */,
				F4EE3E68244DEA16006A5F91 /* Frameworks */,
				BFBEA08793CDDD2AAF621CD1 /* Pods */,
			);
			sourceTree = "<group>";
		};
		F4EE3E38243D4744006A5F91 /* Products */ = {
			isa = PBXGroup;
			children = (
				F4EE3E37243D4744006A5F91 /* CS4440.app */,
			);
			name = Products;
			sourceTree = "<group>";
		};
		F4EE3E39243D4744006A5F91 /* CS4440 */ = {
			isa = PBXGroup;
			children = (
				F4EE3E54244D4A5C006A5F91 /* TwitterSentimentClassifer.mlmodel */,
				F4EE3E3A243D4744006A5F91 /* AppDelegate.swift */,
				F4EE3E40243D4746006A5F91 /* Assets.xcassets */,
				F4EE3E45243D4746006A5F91 /* LaunchScreen.storyboard */,
				F4EE3E48243D4746006A5F91 /* Info.plist */,
				F4EE3E42243D4746006A5F91 /* Preview Content */,
				93C993D02451633B002510E5 /* Controller */,
				93C993CF2451632E002510E5 /* View */,
				B944060B245140FF00970ECC /* Model */,
			);
			path = CS4440;
			sourceTree = "<group>";
		};
		F4EE3E42243D4746006A5F91 /* Preview Content */ = {
			isa = PBXGroup;
			children = (
				F4EE3E43243D4746006A5F91 /* Preview Assets.xcassets */,
			);
			path = "Preview Content";
			sourceTree = "<group>";
		};
		F4EE3E57244DE931006A5F91 /* Products */ = {
			isa = PBXGroup;
			children = (
				F4EE3E5F244DE931006A5F91 /* SwifteriOS.framework */,
				F4EE3E61244DE931006A5F91 /* SwifterMac.framework */,
				F4EE3E63244DE931006A5F91 /* SwifterDemoiOS.app */,
				F4EE3E65244DE931006A5F91 /* SwifterDemoMac.app */,
				F4EE3E67244DE931006A5F91 /* SwifterTests.xctest */,
			);
			name = Products;
			sourceTree = "<group>";
		};
		F4EE3E68244DEA16006A5F91 /* Frameworks */ = {
			isa = PBXGroup;
			children = (
				F49009002450AEA200E4A958 /* RealmSwift.framework */,
				F47C7A3C244E267A0074D635 /* SwiftyJSON.framework */,
				6EB0684B51D94C3B76D1609B /* Pods_CS4440.framework */,
			);
			name = Frameworks;
			sourceTree = "<group>";
		};
/* End PBXGroup section */

/* Begin PBXNativeTarget section */
		F4EE3E36243D4744006A5F91 /* CS4440 */ = {
			isa = PBXNativeTarget;
			buildConfigurationList = F4EE3E4B243D4746006A5F91 /* Build configuration list for PBXNativeTarget "CS4440" */;
			buildPhases = (
				3E0F506777498199073A932B /* [CP] Check Pods Manifest.lock */,
				F4EE3E33243D4744006A5F91 /* Sources */,
				F4EE3E34243D4744006A5F91 /* Frameworks */,
				F4EE3E35243D4744006A5F91 /* Resources */,
				84DE85BE39968C9CF560AED2 /* [CP] Embed Pods Frameworks */,
			);
			buildRules = (
			);
			dependencies = (
			);
			name = CS4440;
			productName = CS4440;
			productReference = F4EE3E37243D4744006A5F91 /* CS4440.app */;
			productType = "com.apple.product-type.application";
		};
/* End PBXNativeTarget section */

/* Begin PBXProject section */
		F4EE3E2F243D4744006A5F91 /* Project object */ = {
			isa = PBXProject;
			attributes = {
				LastSwiftUpdateCheck = 1140;
				LastUpgradeCheck = 1140;
				ORGANIZATIONNAME = "Georgia Teach";
				TargetAttributes = {
					F4EE3E36243D4744006A5F91 = {
						CreatedOnToolsVersion = 11.4;
					};
				};
			};
			buildConfigurationList = F4EE3E32243D4744006A5F91 /* Build configuration list for PBXProject "CS4440" */;
			compatibilityVersion = "Xcode 9.3";
			developmentRegion = en;
			hasScannedForEncodings = 0;
			knownRegions = (
				en,
				Base,
			);
			mainGroup = F4EE3E2E243D4744006A5F91;
			productRefGroup = F4EE3E38243D4744006A5F91 /* Products */;
			projectDirPath = "";
			projectReferences = (
				{
					ProductGroup = F4EE3E57244DE931006A5F91 /* Products */;
					ProjectRef = F4EE3E56244DE931006A5F91 /* Swifter.xcodeproj */;
				},
			);
			projectRoot = "";
			targets = (
				F4EE3E36243D4744006A5F91 /* CS4440 */,
			);
		};
/* End PBXProject section */

/* Begin PBXReferenceProxy section */
		F4EE3E5F244DE931006A5F91 /* SwifteriOS.framework */ = {
			isa = PBXReferenceProxy;
			fileType = wrapper.framework;
			path = SwifteriOS.framework;
			remoteRef = F4EE3E5E244DE931006A5F91 /* PBXContainerItemProxy */;
			sourceTree = BUILT_PRODUCTS_DIR;
		};
		F4EE3E61244DE931006A5F91 /* SwifterMac.framework */ = {
			isa = PBXReferenceProxy;
			fileType = wrapper.framework;
			path = SwifterMac.framework;
			remoteRef = F4EE3E60244DE931006A5F91 /* PBXContainerItemProxy */;
			sourceTree = BUILT_PRODUCTS_DIR;
		};
		F4EE3E63244DE931006A5F91 /* SwifterDemoiOS.app */ = {
			isa = PBXReferenceProxy;
			fileType = wrapper.application;
			path = SwifterDemoiOS.app;
			remoteRef = F4EE3E62244DE931006A5F91 /* PBXContainerItemProxy */;
			sourceTree = BUILT_PRODUCTS_DIR;
		};
		F4EE3E65244DE931006A5F91 /* SwifterDemoMac.app */ = {
			isa = PBXReferenceProxy;
			fileType = wrapper.application;
			path = SwifterDemoMac.app;
			remoteRef = F4EE3E64244DE931006A5F91 /* PBXContainerItemProxy */;
			sourceTree = BUILT_PRODUCTS_DIR;
		};
		F4EE3E67244DE931006A5F91 /* SwifterTests.xctest */ = {
			isa = PBXReferenceProxy;
			fileType = wrapper.cfbundle;
			path = SwifterTests.xctest;
			remoteRef = F4EE3E66244DE931006A5F91 /* PBXContainerItemProxy */;
			sourceTree = BUILT_PRODUCTS_DIR;
		};
/* End PBXReferenceProxy section */

/* Begin PBXResourcesBuildPhase section */
		F4EE3E35243D4744006A5F91 /* Resources */ = {
			isa = PBXResourcesBuildPhase;
			buildActionMask = 2147483647;
			files = (
				F4EE3E47243D4746006A5F91 /* LaunchScreen.storyboard in Resources */,
				F4EE3E51243D4801006A5F91 /* Main.storyboard in Resources */,
				F4EE3E44243D4746006A5F91 /* Preview Assets.xcassets in Resources */,
				F4EE3E41243D4746006A5F91 /* Assets.xcassets in Resources */,
			);
			runOnlyForDeploymentPostprocessing = 0;
		};
/* End PBXResourcesBuildPhase section */

/* Begin PBXShellScriptBuildPhase section */
		3E0F506777498199073A932B /* [CP] Check Pods Manifest.lock */ = {
			isa = PBXShellScriptBuildPhase;
			buildActionMask = 2147483647;
			files = (
			);
			inputFileListPaths = (
			);
			inputPaths = (
				"${PODS_PODFILE_DIR_PATH}/Podfile.lock",
				"${PODS_ROOT}/Manifest.lock",
			);
			name = "[CP] Check Pods Manifest.lock";
			outputFileListPaths = (
			);
			outputPaths = (
				"$(DERIVED_FILE_DIR)/Pods-CS4440-checkManifestLockResult.txt",
			);
			runOnlyForDeploymentPostprocessing = 0;
			shellPath = /bin/sh;
			shellScript = "diff \"${PODS_PODFILE_DIR_PATH}/Podfile.lock\" \"${PODS_ROOT}/Manifest.lock\" > /dev/null\nif [ $? != 0 ] ; then\n    # print error to STDERR\n    echo \"error: The sandbox is not in sync with the Podfile.lock. Run 'pod install' or update your CocoaPods installation.\" >&2\n    exit 1\nfi\n# This output is used by Xcode 'outputs' to avoid re-running this script phase.\necho \"SUCCESS\" > \"${SCRIPT_OUTPUT_FILE_0}\"\n";
			showEnvVarsInLog = 0;
		};
		84DE85BE39968C9CF560AED2 /* [CP] Embed Pods Frameworks */ = {
			isa = PBXShellScriptBuildPhase;
			buildActionMask = 2147483647;
			files = (
			);
			inputFileListPaths = (
				"${PODS_ROOT}/Target Support Files/Pods-CS4440/Pods-CS4440-frameworks-${CONFIGURATION}-input-files.xcfilelist",
			);
			name = "[CP] Embed Pods Frameworks";
			outputFileListPaths = (
				"${PODS_ROOT}/Target Support Files/Pods-CS4440/Pods-CS4440-frameworks-${CONFIGURATION}-output-files.xcfilelist",
			);
			runOnlyForDeploymentPostprocessing = 0;
			shellPath = /bin/sh;
			shellScript = "\"${PODS_ROOT}/Target Support Files/Pods-CS4440/Pods-CS4440-frameworks.sh\"\n";
			showEnvVarsInLog = 0;
		};
/* End PBXShellScriptBuildPhase section */

/* Begin PBXSourcesBuildPhase section */
		F4EE3E33243D4744006A5F91 /* Sources */ = {
			isa = PBXSourcesBuildPhase;
			buildActionMask = 2147483647;
			files = (
				F468CE402451DB1F0010B708 /* historyDetailsViewController.swift in Sources */,
				F4EE3E4F243D47BF006A5F91 /* ViewController.swift in Sources */,
				B944060A245140FB00970ECC /* Sentiment.swift in Sources */,
				F4EE3E55244D4A5C006A5F91 /* TwitterSentimentClassifer.mlmodel in Sources */,
				93C993D22451709A002510E5 /* sentTableViewCell.swift in Sources */,
				F4EE3E3B243D4744006A5F91 /* AppDelegate.swift in Sources */,
				93C993CE245162DE002510E5 /* historyViewController.swift in Sources */,
			);
			runOnlyForDeploymentPostprocessing = 0;
		};
/* End PBXSourcesBuildPhase section */

/* Begin PBXVariantGroup section */
		F4EE3E45243D4746006A5F91 /* LaunchScreen.storyboard */ = {
			isa = PBXVariantGroup;
			children = (
				F4EE3E46243D4746006A5F91 /* Base */,
			);
			name = LaunchScreen.storyboard;
			sourceTree = "<group>";
		};
/* End PBXVariantGroup section */

/* Begin XCBuildConfiguration section */
		F4EE3E49243D4746006A5F91 /* Debug */ = {
			isa = XCBuildConfiguration;
			buildSettings = {
				ALWAYS_SEARCH_USER_PATHS = NO;
				CLANG_ANALYZER_NONNULL = YES;
				CLANG_ANALYZER_NUMBER_OBJECT_CONVERSION = YES_AGGRESSIVE;
				CLANG_CXX_LANGUAGE_STANDARD = "gnu++14";
				CLANG_CXX_LIBRARY = "libc++";
				CLANG_ENABLE_MODULES = YES;
				CLANG_ENABLE_OBJC_ARC = YES;
				CLANG_ENABLE_OBJC_WEAK = YES;
				CLANG_WARN_BLOCK_CAPTURE_AUTORELEASING = YES;
				CLANG_WARN_BOOL_CONVERSION = YES;
				CLANG_WARN_COMMA = YES;
				CLANG_WARN_CONSTANT_CONVERSION = YES;
				CLANG_WARN_DEPRECATED_OBJC_IMPLEMENTATIONS = YES;
				CLANG_WARN_DIRECT_OBJC_ISA_USAGE = YES_ERROR;
				CLANG_WARN_DOCUMENTATION_COMMENTS = YES;
				CLANG_WARN_EMPTY_BODY = YES;
				CLANG_WARN_ENUM_CONVERSION = YES;
				CLANG_WARN_INFINITE_RECURSION = YES;
				CLANG_WARN_INT_CONVERSION = YES;
				CLANG_WARN_NON_LITERAL_NULL_CONVERSION = YES;
				CLANG_WARN_OBJC_IMPLICIT_RETAIN_SELF = YES;
				CLANG_WARN_OBJC_LITERAL_CONVERSION = YES;
				CLANG_WARN_OBJC_ROOT_CLASS = YES_ERROR;
				CLANG_WARN_RANGE_LOOP_ANALYSIS = YES;
				CLANG_WARN_STRICT_PROTOTYPES = YES;
				CLANG_WARN_SUSPICIOUS_MOVE = YES;
				CLANG_WARN_UNGUARDED_AVAILABILITY = YES_AGGRESSIVE;
				CLANG_WARN_UNREACHABLE_CODE = YES;
				CLANG_WARN__DUPLICATE_METHOD_MATCH = YES;
				COPY_PHASE_STRIP = NO;
				DEBUG_INFORMATION_FORMAT = dwarf;
				ENABLE_STRICT_OBJC_MSGSEND = YES;
				ENABLE_TESTABILITY = YES;
				GCC_C_LANGUAGE_STANDARD = gnu11;
				GCC_DYNAMIC_NO_PIC = NO;
				GCC_NO_COMMON_BLOCKS = YES;
				GCC_OPTIMIZATION_LEVEL = 0;
				GCC_PREPROCESSOR_DEFINITIONS = (
					"DEBUG=1",
					"$(inherited)",
				);
				GCC_WARN_64_TO_32_BIT_CONVERSION = YES;
				GCC_WARN_ABOUT_RETURN_TYPE = YES_ERROR;
				GCC_WARN_UNDECLARED_SELECTOR = YES;
				GCC_WARN_UNINITIALIZED_AUTOS = YES_AGGRESSIVE;
				GCC_WARN_UNUSED_FUNCTION = YES;
				GCC_WARN_UNUSED_VARIABLE = YES;
				IPHONEOS_DEPLOYMENT_TARGET = 13.4;
				MTL_ENABLE_DEBUG_INFO = INCLUDE_SOURCE;
				MTL_FAST_MATH = YES;
				ONLY_ACTIVE_ARCH = YES;
				SDKROOT = iphoneos;
				SWIFT_ACTIVE_COMPILATION_CONDITIONS = DEBUG;
				SWIFT_OPTIMIZATION_LEVEL = "-Onone";
			};
			name = Debug;
		};
		F4EE3E4A243D4746006A5F91 /* Release */ = {
			isa = XCBuildConfiguration;
			buildSettings = {
				ALWAYS_SEARCH_USER_PATHS = NO;
				CLANG_ANALYZER_NONNULL = YES;
				CLANG_ANALYZER_NUMBER_OBJECT_CONVERSION = YES_AGGRESSIVE;
				CLANG_CXX_LANGUAGE_STANDARD = "gnu++14";
				CLANG_CXX_LIBRARY = "libc++";
				CLANG_ENABLE_MODULES = YES;
				CLANG_ENABLE_OBJC_ARC = YES;
				CLANG_ENABLE_OBJC_WEAK = YES;
				CLANG_WARN_BLOCK_CAPTURE_AUTORELEASING = YES;
				CLANG_WARN_BOOL_CONVERSION = YES;
				CLANG_WARN_COMMA = YES;
				CLANG_WARN_CONSTANT_CONVERSION = YES;
				CLANG_WARN_DEPRECATED_OBJC_IMPLEMENTATIONS = YES;
				CLANG_WARN_DIRECT_OBJC_ISA_USAGE = YES_ERROR;
				CLANG_WARN_DOCUMENTATION_COMMENTS = YES;
				CLANG_WARN_EMPTY_BODY = YES;
				CLANG_WARN_ENUM_CONVERSION = YES;
				CLANG_WARN_INFINITE_RECURSION = YES;
				CLANG_WARN_INT_CONVERSION = YES;
				CLANG_WARN_NON_LITERAL_NULL_CONVERSION = YES;
				CLANG_WARN_OBJC_IMPLICIT_RETAIN_SELF = YES;
				CLANG_WARN_OBJC_LITERAL_CONVERSION = YES;
				CLANG_WARN_OBJC_ROOT_CLASS = YES_ERROR;
				CLANG_WARN_RANGE_LOOP_ANALYSIS = YES;
				CLANG_WARN_STRICT_PROTOTYPES = YES;
				CLANG_WARN_SUSPICIOUS_MOVE = YES;
				CLANG_WARN_UNGUARDED_AVAILABILITY = YES_AGGRESSIVE;
				CLANG_WARN_UNREACHABLE_CODE = YES;
				CLANG_WARN__DUPLICATE_METHOD_MATCH = YES;
				COPY_PHASE_STRIP = NO;
				DEBUG_INFORMATION_FORMAT = "dwarf-with-dsym";
				ENABLE_NS_ASSERTIONS = NO;
				ENABLE_STRICT_OBJC_MSGSEND = YES;
				GCC_C_LANGUAGE_STANDARD = gnu11;
				GCC_NO_COMMON_BLOCKS = YES;
				GCC_WARN_64_TO_32_BIT_CONVERSION = YES;
				GCC_WARN_ABOUT_RETURN_TYPE = YES_ERROR;
				GCC_WARN_UNDECLARED_SELECTOR = YES;
				GCC_WARN_UNINITIALIZED_AUTOS = YES_AGGRESSIVE;
				GCC_WARN_UNUSED_FUNCTION = YES;
				GCC_WARN_UNUSED_VARIABLE = YES;
				IPHONEOS_DEPLOYMENT_TARGET = 13.4;
				MTL_ENABLE_DEBUG_INFO = NO;
				MTL_FAST_MATH = YES;
				SDKROOT = iphoneos;
				SWIFT_COMPILATION_MODE = wholemodule;
				SWIFT_OPTIMIZATION_LEVEL = "-O";
				VALIDATE_PRODUCT = YES;
			};
			name = Release;
		};
		F4EE3E4C243D4746006A5F91 /* Debug */ = {
			isa = XCBuildConfiguration;
			baseConfigurationReference = 4038F8C922121F7A65811281 /* Pods-CS4440.debug.xcconfig */;
			buildSettings = {
				ASSETCATALOG_COMPILER_APPICON_NAME = AppIcon;
				CODE_SIGN_STYLE = Automatic;
				DEVELOPMENT_ASSET_PATHS = "\"CS4440/Preview Content\"";
				ENABLE_PREVIEWS = YES;
				INFOPLIST_FILE = CS4440/Info.plist;
				IPHONEOS_DEPLOYMENT_TARGET = 13.0;
				LD_RUNPATH_SEARCH_PATHS = (
					"$(inherited)",
					"@executable_path/Frameworks",
				);
				PRODUCT_BUNDLE_IDENTIFIER = edu.gatech.CS4440;
				PRODUCT_NAME = "$(TARGET_NAME)";
				SWIFT_VERSION = 5.0;
				TARGETED_DEVICE_FAMILY = "1,2";
			};
			name = Debug;
		};
		F4EE3E4D243D4746006A5F91 /* Release */ = {
			isa = XCBuildConfiguration;
			baseConfigurationReference = 25D17432DD2AD97B0E3C767C /* Pods-CS4440.release.xcconfig */;
			buildSettings = {
				ASSETCATALOG_COMPILER_APPICON_NAME = AppIcon;
				CODE_SIGN_STYLE = Automatic;
				DEVELOPMENT_ASSET_PATHS = "\"CS4440/Preview Content\"";
				ENABLE_PREVIEWS = YES;
				INFOPLIST_FILE = CS4440/Info.plist;
				IPHONEOS_DEPLOYMENT_TARGET = 13.0;
				LD_RUNPATH_SEARCH_PATHS = (
					"$(inherited)",
					"@executable_path/Frameworks",
				);
				PRODUCT_BUNDLE_IDENTIFIER = edu.gatech.CS4440;
				PRODUCT_NAME = "$(TARGET_NAME)";
				SWIFT_VERSION = 5.0;
				TARGETED_DEVICE_FAMILY = "1,2";
			};
			name = Release;
		};
/* End XCBuildConfiguration section */

/* Begin XCConfigurationList section */
		F4EE3E32243D4744006A5F91 /* Build configuration list for PBXProject "CS4440" */ = {
			isa = XCConfigurationList;
			buildConfigurations = (
				F4EE3E49243D4746006A5F91 /* Debug */,
				F4EE3E4A243D4746006A5F91 /* Release */,
			);
			defaultConfigurationIsVisible = 0;
			defaultConfigurationName = Release;
		};
		F4EE3E4B243D4746006A5F91 /* Build configuration list for PBXNativeTarget "CS4440" */ = {
			isa = XCConfigurationList;
			buildConfigurations = (
				F4EE3E4C243D4746006A5F91 /* Debug */,
				F4EE3E4D243D4746006A5F91 /* Release */,
			);
			defaultConfigurationIsVisible = 0;
			defaultConfigurationName = Release;
		};
/* End XCConfigurationList section */
	};
	rootObject = F4EE3E2F243D4744006A5F91 /* Project object */;
}
